github.com/asaskevich/EventBus v0.0.0-20200907212545-49d423059eef h1:2JGTg6JapxP9/R33ZaagQtAM4EkkSYnIAlOG5EI8gkM=
github.com/asaskevich/EventBus v0.0.0-20200907212545-49d423059eef/go.mod h1:JS7hed4L1fj0hXcyEejnW57/7LCetXggd+vwrRnYeII=
github.com/i2y/oden/core v0.0.0-20211209013918-a19ccaa7e7d5 h1:ZdfiItAmCZfBHbYU9Gg6hiTtPZmBFmpChZ4oM3HXqh8=
github.com/i2y/oden/core v0.0.0-20211209013918-a19ccaa7e7d5/go.mod h1:JX5E/6xaSAuiUo8CK6+f0AyU0pAB+1zjwDChBw288lY=
github.com/i2y/oden/core v0.0.0-20211209020427-53cf6546680a h1:h5ztWxWmG0/1eir3McR1wYvvIGc5u9NQUCBkoSOg108=
github.com/i2y/oden/core v0.0.0-20211209020427-53cf6546680a/go.mod h1:JX5E/6xaSAuiUo8CK6+f0AyU0pAB+1zjwDChBw288lY=
github.com/i2y/oden/core v0.0.0-20211210013653-43534a8202c0 h1:5yYkVUWg5rbygvznnh+cmh70A4CL43xiKB0O8TDc3wY=
github.com/i2y/oden/core v0.0.0-20211210013653-43534a8202c0/go.mod h1:JX5E/6xaSAuiUo8CK6+f0AyU0pAB+1zjwDChBw288lY=
github.com/i2y/oden/core v0.0.0-20211210063548-31c8eb4f4a03 h1:Ly8y9su3xHmJLxrievj+v9q6vUbTQWsbBbwG8l/rxSg=
github.com/i2y/oden/core v0.0.0-20211210063548-31c8eb4f4a03/go.mod h1:JX5E/6xaSAuiUo8CK6+f0AyU0pAB+1zjwDChBw288lY=
github.com/i2y/oden/core v0.0.0-20211210071250-5936f9847a76 h1:3ZmdLKl1ahBaJm+nuCFOWcf5uZabIGhLbRgL0leUjnE=
github.com/i2y/oden/core v0.0.0-20211210071250-5936f9847a76/go.mod h1:5kFfG97VssqOZLWXenyxTdo+j3e0M1s+TJYARdFUvCI=
github.com/i2y/oden/core v0.0.0-20211210071649-be3479f01e7e h1:iPeUY/KNTr795ObeE+Vfcc+7Jjdnc/GK5yjjx1WQOYc=
github.com/i2y/oden/core v0.0.0-20211210071649-be3479f01e7e/go.mod h1:5kFfG97VssqOZLWXenyxTdo+j3e0M1s+TJYARdFUvCI=
github.com/i2y/oden/core v0.0.0-20211211085407-048e8c5540a1 h1:eXvUpn8/u1FxVv5HYHMbo4uzYdna4B7vWK4kOEy/81k=
github.com/i2y/oden/core v0.0.0-20211211085407-048e8c5540a1/go.mod h1:5kFfG97VssqOZLWXenyxTdo+j3e0M1s+TJYARdFUvCI=
github.com/i2y/oden/core v0.0.0-20211211085845-2a86726d137c h1:229LIS+Umuocfn5mXIOXu7seqfHC/CVnKy6CYOe7Z8Q=
github.com/i2y/oden/core v0.0.0-20211211085845-2a86726d137c/go.mod h1:x6xLPkVzm+vECINUWJhNbhibX1VkxFaO5Yh0qDOmm/Y=
github.com/jchv/go-webview2 v0.0.0-20211201160117-0a1f544bbf5a h1:Uig8JbeiXQ8+tKLZvlvV7KMUeYyLr3X5KoZWXGgFRMs=
github.com/jchv/go-webview2 v0.0.0-20211201160117-0a1f544bbf5a/go.mod h1:/BNVc0Sw3Wj6Sz9uSxPwhCEUhhWs92hPde75K2YV24A=
github.com/jchv/go-winloader v0.0.0-20200815041850-dec1ee9a7fd5/go.mod h1:alcuEEnZsY1WQsagKhZDsoPCRoOijYqhZvPwLG0kzVs=
github.com/jchv/go-winloader v0.0.0-20210711035445-715c2860da7e h1:Q3+PugElBCf4PFpxhErSzU3/PY5sFL5Z6rfv4AbGAck=
github.com/jchv/go-winloader v0.0.0-20210711035445-715c2860da7e/go.mod h1:alcuEEnZsY1WQsagKhZDsoPCRoOijYqhZvPwLG0kzVs=
golang.org/x/net v0.0.0-20211208012354-db4efeb81f4b h1:MWaHNqZy3KTpuTMAGvv+Kw+ylsEpmyJZizz1dqxnu28=
golang.org/x/net v0.0.0-20211208012354-db4efeb81f4b/go.mod h1:9nx3DQGgdP8bBQD5qxJ1jj9UTztislL4KSBs9R2vV5Y=
golang.org/x/net v0.0.0-20211209124913-491a49abca63 h1:iocB37TsdFuN6IBRZ+ry36wrkoV51/tl5vOWqkcPGvY=
golang.org/x/net v0.0.0-20211209124913-491a49abca63/go.mod h1:9nx3DQGgdP8bBQD5qxJ1jj9UTztislL4KSBs9R2vV5Y=
golang.org/x/sys v0.0.0-20200810151505-1b9f1253b3ed/go.mod h1:h1NjWce9XRLGQEsW7wpKNCjG9DtNlClVuFLEZdDNbEs=
golang.org/x/sys v0.0.0-20201119102817-f84b799fce68/go.mod h1:h1NjWce9XRLGQEsW7wpKNCjG9DtNlClVuFLEZdDNbEs=
golang.org/x/sys v0.0.0-20210218145245-beda7e5e158e/go.mod h1:h1NjWce9XRLGQEsW7wpKNCjG9DtNlClVuFLEZdDNbEs=
golang.org/x/sys v0.0.0-20210423082822-04245dca01da/go.mod h1:h1NjWce9XRLGQEsW7wpKNCjG9DtNlClVuFLEZdDNbEs=
golang.org/x/sys v0.0.0-20211205182925-97ca703d548d h1:FjkYO/PPp4Wi0EAUOVLxePm7qVW4r4ctbWpURyuOD0E=
golang.org/x/sys v0.0.0-20211205182925-97ca703d548d/go.mod h1:oPkhp1MJrh7nUepCBck5+mAzfO9JrbApNNgaTdGDITg=
golang.org/x/sys v0.0.0-20211209171907-798191bca915 h1:P+8mCzuEpyszAT6T42q0sxU+eveBAF/cJ2Kp0x6/8+0=
golang.org/x/sys v0.0.0-20211209171907-798191bca915/go.mod h1:oPkhp1MJrh7nUepCBck5+mAzfO9JrbApNNgaTdGDITg=
golang.org/x/sys v0.0.0-20211210111614-af8b64212486 h1:5hpz5aRr+W1erYCL5JRhSUBJRph7l9XkNveoExlrKYk=
golang.org/x/sys v0.0.0-20211210111614-af8b64212486/go.mod h1:oPkhp1MJrh7nUepCBck5+mAzfO9JrbApNNgaTdGDITg=
golang.org/x/term v0.0.0-20201126162022-7de9c90e9dd1/go.mod h1:bj7SfCRtBDWHUb9snDiAeCFNEtKQo2Wmx5Cou7ajbmo=
golang.org/x/text v0.3.6/go.mod h1:5Zoc/QRtKVWzQhOtBMvqHzDpF6irO9z98xDceosuGiQ=
golang.org/x/tools v0.0.0-20180917221912-90fa682c2a6e/go.mod h1:n7NCudcB/nEzxVGmLbDWY5pfWTLqBcC2KZ6jyYvM4mQ=
